
Microsoft Visual Studio Solution File, Format Version 12.00
# Visual Studio 14
VisualStudioVersion = 14.0.25420.1
MinimumVisualStudioVersion = 10.0.40219.1
Project("{FAE04EC0-301F-11D3-BF4B-00C04F79EFBC}") = "Argus - RAT", "Argus - RAT\Argus - RAT.csproj", "{930D3820-24CF-4BA3-876C-D2C907BA0E2D}"
EndProject
Project("{FAE04EC0-301F-11D3-BF4B-00C04F79EFBC}") = "Argus - RAT ~ Server", "Argus - RAT ~ Server\Argus - RAT ~ Server.csproj", "{443770EC-6215-45FF-8A35-D7EBAD23E565}"
EndProject
Global
	GlobalSection(SolutionConfigurationPlatforms) = preSolution
		Debug|Any CPU = Debug|Any CPU
		Release|Any CPU = Release|Any CPU
	EndGlobalSection
	GlobalSection(ProjectConfigurationPlatforms) = postSolution
		{930D3820-24CF-4BA3-876C-D2C907BA0E2D}.Debug|Any CPU.ActiveCfg = Debug|Any CPU
		{930D3820-24CF-4BA3-876C-D2C907BA0E2D}.Debug|Any CPU.Build.0 = Debug|Any CPU
		{930D3820-24CF-4BA3-876C-D2C907BA0E2D}.Debug|Any CPU.Deploy.0 = Debug|Any CPU
		{930D3820-24CF-4BA3-876C-D2C907BA0E2D}.Release|Any CPU.ActiveCfg = Release|Any CPU
		{930D3820-24CF-4BA3-876C-D2C907BA0E2D}.Release|Any CPU.Build.0 = Release|Any CPU
		{930D3820-24CF-4BA3-876C-D2C907BA0E2D}.Release|Any CPU.Deploy.0 = Release|Any CPU
		{443770EC-6215-45FF-8A35-D7EBAD23E565}.Debug|Any CPU.ActiveCfg = Debug|Any CPU
		{443770EC-6215-45FF-8A35-D7EBAD23E565}.Debug|Any CPU.Build.0 = Debug|Any CPU
		{443770EC-6215-45FF-8A35-D7EBAD23E565}.Release|Any CPU.ActiveCfg = Release|Any CPU
		{443770EC-6215-45FF-8A35-D7EBAD23E565}.Release|Any CPU.Build.0 = Release|Any CPU
	EndGlobalSection
	GlobalSection(SolutionProperties) = preSolution
		HideSolutionNode = FALSE
	EndGlobalSection
EndGlobal
